
Microsoft Visual Studio Solution File, Format Version 12.00
# Visual Studio Version 17
VisualStudioVersion = 17.14.36811.4
MinimumVisualStudioVersion = 10.0.40219.1
Project("{FAE04EC0-301F-11D3-BF4B-00C04F79EFBC}") = "ToDoApplication.Domain", "ToDoApplication.Domain\ToDoApplication.Domain.csproj", "{8E0A0CB5-49E4-40C5-A74B-7AF72820FF8D}"
EndProject
Project("{FAE04EC0-301F-11D3-BF4B-00C04F79EFBC}") = "ToDoApplication.Tests", "ToDoApplication.Tests\ToDoApplication.Tests.csproj", "{BAF6D882-A67D-46F9-A1C0-8D1EA6A4B0D9}"
EndProject
Project("{FAE04EC0-301F-11D3-BF4B-00C04F79EFBC}") = "ToDoApplication.Application", "ToDoApplication.Application\ToDoApplication.Application.csproj", "{0E7FF259-687C-4268-B48D-F2269333AC0D}"
EndProject
Project("{FAE04EC0-301F-11D3-BF4B-00C04F79EFBC}") = "ToDoApplication.Infrastructure", "ToDoApplication.Infrastructure\ToDoApplication.Infrastructure.csproj", "{B92A20ED-1AC1-4E0F-8000-D364910962AA}"
EndProject
Project("{FAE04EC0-301F-11D3-BF4B-00C04F79EFBC}") = "ToDoApplication.CompositionRoot", "ToDoApplication.CompositionRoot\ToDoApplication.CompositionRoot.csproj", "{40BBDB28-BCA9-4DCB-80EA-F9B83C950F6B}"
EndProject
Project("{FAE04EC0-301F-11D3-BF4B-00C04F79EFBC}") = "ToDoApplication.CLI", "ToDoApplication.CLI\ToDoApplication.CLI.csproj", "{001C4434-63CB-40C7-9F41-FBCEFA43610B}"
EndProject
Project("{FAE04EC0-301F-11D3-BF4B-00C04F79EFBC}") = "ToDoApplication.Presentation", "ToDoApplication.Presentation\ToDoApplication.Presentation.csproj", "{0491E267-0889-44EA-86C1-00BD16A20A85}"
EndProject
Global
	GlobalSection(SolutionConfigurationPlatforms) = preSolution
		Debug|Any CPU = Debug|Any CPU
		Release|Any CPU = Release|Any CPU
	EndGlobalSection
	GlobalSection(ProjectConfigurationPlatforms) = postSolution
		{8E0A0CB5-49E4-40C5-A74B-7AF72820FF8D}.Debug|Any CPU.ActiveCfg = Debug|Any CPU
		{8E0A0CB5-49E4-40C5-A74B-7AF72820FF8D}.Debug|Any CPU.Build.0 = Debug|Any CPU
		{8E0A0CB5-49E4-40C5-A74B-7AF72820FF8D}.Release|Any CPU.ActiveCfg = Release|Any CPU
		{8E0A0CB5-49E4-40C5-A74B-7AF72820FF8D}.Release|Any CPU.Build.0 = Release|Any CPU
		{BAF6D882-A67D-46F9-A1C0-8D1EA6A4B0D9}.Debug|Any CPU.ActiveCfg = Debug|Any CPU
		{BAF6D882-A67D-46F9-A1C0-8D1EA6A4B0D9}.Debug|Any CPU.Build.0 = Debug|Any CPU
		{BAF6D882-A67D-46F9-A1C0-8D1EA6A4B0D9}.Release|Any CPU.ActiveCfg = Release|Any CPU
		{BAF6D882-A67D-46F9-A1C0-8D1EA6A4B0D9}.Release|Any CPU.Build.0 = Release|Any CPU
		{0E7FF259-687C-4268-B48D-F2269333AC0D}.Debug|Any CPU.ActiveCfg = Debug|Any CPU
		{0E7FF259-687C-4268-B48D-F2269333AC0D}.Debug|Any CPU.Build.0 = Debug|Any CPU
		{0E7FF259-687C-4268-B48D-F2269333AC0D}.Release|Any CPU.ActiveCfg = Release|Any CPU
		{0E7FF259-687C-4268-B48D-F2269333AC0D}.Release|Any CPU.Build.0 = Release|Any CPU
		{B92A20ED-1AC1-4E0F-8000-D364910962AA}.Debug|Any CPU.ActiveCfg = Debug|Any CPU
		{B92A20ED-1AC1-4E0F-8000-D364910962AA}.Debug|Any CPU.Build.0 = Debug|Any CPU
		{B92A20ED-1AC1-4E0F-8000-D364910962AA}.Release|Any CPU.ActiveCfg = Release|Any CPU
		{B92A20ED-1AC1-4E0F-8000-D364910962AA}.Release|Any CPU.Build.0 = Release|Any CPU
		{40BBDB28-BCA9-4DCB-80EA-F9B83C950F6B}.Debug|Any CPU.ActiveCfg = Debug|Any CPU
		{40BBDB28-BCA9-4DCB-80EA-F9B83C950F6B}.Debug|Any CPU.Build.0 = Debug|Any CPU
		{40BBDB28-BCA9-4DCB-80EA-F9B83C950F6B}.Release|Any CPU.ActiveCfg = Release|Any CPU
		{40BBDB28-BCA9-4DCB-80EA-F9B83C950F6B}.Release|Any CPU.Build.0 = Release|Any CPU
		{001C4434-63CB-40C7-9F41-FBCEFA43610B}.Debug|Any CPU.ActiveCfg = Debug|Any CPU
		{001C4434-63CB-40C7-9F41-FBCEFA43610B}.Debug|Any CPU.Build.0 = Debug|Any CPU
		{001C4434-63CB-40C7-9F41-FBCEFA43610B}.Release|Any CPU.ActiveCfg = Release|Any CPU
		{001C4434-63CB-40C7-9F41-FBCEFA43610B}.Release|Any CPU.Build.0 = Release|Any CPU
		{0491E267-0889-44EA-86C1-00BD16A20A85}.Debug|Any CPU.ActiveCfg = Debug|Any CPU
		{0491E267-0889-44EA-86C1-00BD16A20A85}.Debug|Any CPU.Build.0 = Debug|Any CPU
		{0491E267-0889-44EA-86C1-00BD16A20A85}.Release|Any CPU.ActiveCfg = Release|Any CPU
		{0491E267-0889-44EA-86C1-00BD16A20A85}.Release|Any CPU.Build.0 = Release|Any CPU
	EndGlobalSection
	GlobalSection(SolutionProperties) = preSolution
		HideSolutionNode = FALSE
	EndGlobalSection
	GlobalSection(ExtensibilityGlobals) = postSolution
		SolutionGuid = {DF8402E9-AECC-4D1B-A5C3-02ADA4317360}
	EndGlobalSection
EndGlobal
